// !$*UTF8*$!
{
	archiveVersion = 1;
	classes = {
	};
	objectVersion = 56;
	objects = {

/* Begin PBXBuildFile section */
		2BDBEEB1707AA0E7E54ED0E7 /* Pods_FeelTalk.framework in Frameworks */ = {isa = PBXBuildFile; fileRef = 58102C3C5ED2F798A20B785C /* Pods_FeelTalk.framework */; };
		450955E42A2F9CBD00BDAC8E /* AppDelegate.swift in Sources */ = {isa = PBXBuildFile; fileRef = 450955E32A2F9CBD00BDAC8E /* AppDelegate.swift */; };
		450955E62A2F9CBD00BDAC8E /* SceneDelegate.swift in Sources */ = {isa = PBXBuildFile; fileRef = 450955E52A2F9CBD00BDAC8E /* SceneDelegate.swift */; };
		450955ED2A2F9CBE00BDAC8E /* Assets.xcassets in Resources */ = {isa = PBXBuildFile; fileRef = 450955EC2A2F9CBE00BDAC8E /* Assets.xcassets */; };
		450955F02A2F9CBE00BDAC8E /* LaunchScreen.storyboard in Resources */ = {isa = PBXBuildFile; fileRef = 450955EE2A2F9CBE00BDAC8E /* LaunchScreen.storyboard */; };
		450955F82A2FA04600BDAC8E /* SignUpViewController.swift in Sources */ = {isa = PBXBuildFile; fileRef = 450955F72A2FA04600BDAC8E /* SignUpViewController.swift */; };
		450955FC2A2FA2EA00BDAC8E /* KakaoButton.swift in Sources */ = {isa = PBXBuildFile; fileRef = 450955FB2A2FA2EA00BDAC8E /* KakaoButton.swift */; };
		450956042A2FA6C900BDAC8E /* pretendard-semi_bold.otf in Resources */ = {isa = PBXBuildFile; fileRef = 450955FE2A2FA6C900BDAC8E /* pretendard-semi_bold.otf */; };
		450956052A2FA6C900BDAC8E /* pretendard-regular.ttf in Resources */ = {isa = PBXBuildFile; fileRef = 450955FF2A2FA6C900BDAC8E /* pretendard-regular.ttf */; };
		450956062A2FA6C900BDAC8E /* pretendard-medium.otf in Resources */ = {isa = PBXBuildFile; fileRef = 450956002A2FA6C900BDAC8E /* pretendard-medium.otf */; };
		450956072A2FA6C900BDAC8E /* pretendard-thin.ttf in Resources */ = {isa = PBXBuildFile; fileRef = 450956012A2FA6C900BDAC8E /* pretendard-thin.ttf */; };
		450956082A2FA6C900BDAC8E /* pretendard-bold.ttf in Resources */ = {isa = PBXBuildFile; fileRef = 450956022A2FA6C900BDAC8E /* pretendard-bold.ttf */; };
		450956092A2FA6C900BDAC8E /* pretendard-light.ttf in Resources */ = {isa = PBXBuildFile; fileRef = 450956032A2FA6C900BDAC8E /* pretendard-light.ttf */; };
		450A851B2A335219008B5DFC /* NoteBackgroundView.swift in Sources */ = {isa = PBXBuildFile; fileRef = 450A851A2A335219008B5DFC /* NoteBackgroundView.swift */; };
		451AC30B2A2FB3E300303E54 /* NaverButton.swift in Sources */ = {isa = PBXBuildFile; fileRef = 451AC30A2A2FB3E300303E54 /* NaverButton.swift */; };
		451AC30D2A2FB96500303E54 /* GoogleButton.swift in Sources */ = {isa = PBXBuildFile; fileRef = 451AC30C2A2FB96500303E54 /* GoogleButton.swift */; };
		451AC30F2A2FBA6B00303E54 /* AppleButton.swift in Sources */ = {isa = PBXBuildFile; fileRef = 451AC30E2A2FBA6B00303E54 /* AppleButton.swift */; };
		451AC3152A2FC43E00303E54 /* UserInfoConsentViewController.swift in Sources */ = {isa = PBXBuildFile; fileRef = 451AC3142A2FC43E00303E54 /* UserInfoConsentViewController.swift */; };
		4523F3B32A32A0D100B28EDC /* UserNicknameInputViewModel.swift in Sources */ = {isa = PBXBuildFile; fileRef = 4523F3B22A32A0D100B28EDC /* UserNicknameInputViewModel.swift */; };
		4523F3B52A32AEC000B28EDC /* CoupleCodeCreateViewConroller.swift in Sources */ = {isa = PBXBuildFile; fileRef = 4523F3B42A32AEC000B28EDC /* CoupleCodeCreateViewConroller.swift */; };
		452885902A32028F0077AA13 /* InfoContentView.swift in Sources */ = {isa = PBXBuildFile; fileRef = 4528858F2A32028F0077AA13 /* InfoContentView.swift */; };
		452885922A3211440077AA13 /* SensitiveInfoContentView.swift in Sources */ = {isa = PBXBuildFile; fileRef = 452885912A3211440077AA13 /* SensitiveInfoContentView.swift */; };
		452885942A3211520077AA13 /* PersonalInfoContentView.swift in Sources */ = {isa = PBXBuildFile; fileRef = 452885932A3211520077AA13 /* PersonalInfoContentView.swift */; };
		45807D982A32F8B800EBBD25 /* CoupleCodeNoteView.swift in Sources */ = {isa = PBXBuildFile; fileRef = 45807D972A32F8B800EBBD25 /* CoupleCodeNoteView.swift */; };
		45AC97B52A32333800A2B63D /* PersonalInfoContentRow.swift in Sources */ = {isa = PBXBuildFile; fileRef = 45AC97B42A32333800A2B63D /* PersonalInfoContentRow.swift */; };
		45AC97B82A3249EC00A2B63D /* UserInfoConsetnViewModel.swift in Sources */ = {isa = PBXBuildFile; fileRef = 45AC97B72A3249EC00A2B63D /* UserInfoConsetnViewModel.swift */; };
		45AC97BA2A327D9300A2B63D /* ViewModelType.swift in Sources */ = {isa = PBXBuildFile; fileRef = 45AC97B92A327D9300A2B63D /* ViewModelType.swift */; };
		45AC97BC2A328C0800A2B63D /* UserNicknameInputViewController.swift in Sources */ = {isa = PBXBuildFile; fileRef = 45AC97BB2A328C0800A2B63D /* UserNicknameInputViewController.swift */; };
/* End PBXBuildFile section */

/* Begin PBXFileReference section */
		450955E02A2F9CBD00BDAC8E /* FeelTalk.app */ = {isa = PBXFileReference; explicitFileType = wrapper.application; includeInIndex = 0; path = FeelTalk.app; sourceTree = BUILT_PRODUCTS_DIR; };
		450955E32A2F9CBD00BDAC8E /* AppDelegate.swift */ = {isa = PBXFileReference; lastKnownFileType = sourcecode.swift; path = AppDelegate.swift; sourceTree = "<group>"; };
		450955E52A2F9CBD00BDAC8E /* SceneDelegate.swift */ = {isa = PBXFileReference; lastKnownFileType = sourcecode.swift; path = SceneDelegate.swift; sourceTree = "<group>"; };
		450955EC2A2F9CBE00BDAC8E /* Assets.xcassets */ = {isa = PBXFileReference; lastKnownFileType = folder.assetcatalog; path = Assets.xcassets; sourceTree = "<group>"; };
		450955EF2A2F9CBE00BDAC8E /* Base */ = {isa = PBXFileReference; lastKnownFileType = file.storyboard; name = Base; path = Base.lproj/LaunchScreen.storyboard; sourceTree = "<group>"; };
		450955F12A2F9CBE00BDAC8E /* Info.plist */ = {isa = PBXFileReference; lastKnownFileType = text.plist.xml; path = Info.plist; sourceTree = "<group>"; };
		450955F72A2FA04600BDAC8E /* SignUpViewController.swift */ = {isa = PBXFileReference; lastKnownFileType = sourcecode.swift; path = SignUpViewController.swift; sourceTree = "<group>"; };
		450955FB2A2FA2EA00BDAC8E /* KakaoButton.swift */ = {isa = PBXFileReference; lastKnownFileType = sourcecode.swift; path = KakaoButton.swift; sourceTree = "<group>"; };
		450955FE2A2FA6C900BDAC8E /* pretendard-semi_bold.otf */ = {isa = PBXFileReference; lastKnownFileType = file; path = "pretendard-semi_bold.otf"; sourceTree = "<group>"; };
		450955FF2A2FA6C900BDAC8E /* pretendard-regular.ttf */ = {isa = PBXFileReference; lastKnownFileType = file; path = "pretendard-regular.ttf"; sourceTree = "<group>"; };
		450956002A2FA6C900BDAC8E /* pretendard-medium.otf */ = {isa = PBXFileReference; lastKnownFileType = file; path = "pretendard-medium.otf"; sourceTree = "<group>"; };
		450956012A2FA6C900BDAC8E /* pretendard-thin.ttf */ = {isa = PBXFileReference; lastKnownFileType = file; path = "pretendard-thin.ttf"; sourceTree = "<group>"; };
		450956022A2FA6C900BDAC8E /* pretendard-bold.ttf */ = {isa = PBXFileReference; lastKnownFileType = file; path = "pretendard-bold.ttf"; sourceTree = "<group>"; };
		450956032A2FA6C900BDAC8E /* pretendard-light.ttf */ = {isa = PBXFileReference; lastKnownFileType = file; path = "pretendard-light.ttf"; sourceTree = "<group>"; };
		450A851A2A335219008B5DFC /* NoteBackgroundView.swift */ = {isa = PBXFileReference; lastKnownFileType = sourcecode.swift; path = NoteBackgroundView.swift; sourceTree = "<group>"; };
		451AC30A2A2FB3E300303E54 /* NaverButton.swift */ = {isa = PBXFileReference; lastKnownFileType = sourcecode.swift; path = NaverButton.swift; sourceTree = "<group>"; };
		451AC30C2A2FB96500303E54 /* GoogleButton.swift */ = {isa = PBXFileReference; lastKnownFileType = sourcecode.swift; path = GoogleButton.swift; sourceTree = "<group>"; };
		451AC30E2A2FBA6B00303E54 /* AppleButton.swift */ = {isa = PBXFileReference; lastKnownFileType = sourcecode.swift; path = AppleButton.swift; sourceTree = "<group>"; };
		451AC3142A2FC43E00303E54 /* UserInfoConsentViewController.swift */ = {isa = PBXFileReference; lastKnownFileType = sourcecode.swift; path = UserInfoConsentViewController.swift; sourceTree = "<group>"; };
		4523F3B22A32A0D100B28EDC /* UserNicknameInputViewModel.swift */ = {isa = PBXFileReference; lastKnownFileType = sourcecode.swift; path = UserNicknameInputViewModel.swift; sourceTree = "<group>"; };
		4523F3B42A32AEC000B28EDC /* CoupleCodeCreateViewConroller.swift */ = {isa = PBXFileReference; lastKnownFileType = sourcecode.swift; path = CoupleCodeCreateViewConroller.swift; sourceTree = "<group>"; };
		4528858F2A32028F0077AA13 /* InfoContentView.swift */ = {isa = PBXFileReference; lastKnownFileType = sourcecode.swift; path = InfoContentView.swift; sourceTree = "<group>"; };
		452885912A3211440077AA13 /* SensitiveInfoContentView.swift */ = {isa = PBXFileReference; lastKnownFileType = sourcecode.swift; path = SensitiveInfoContentView.swift; sourceTree = "<group>"; };
		452885932A3211520077AA13 /* PersonalInfoContentView.swift */ = {isa = PBXFileReference; lastKnownFileType = sourcecode.swift; path = PersonalInfoContentView.swift; sourceTree = "<group>"; };
		45807D972A32F8B800EBBD25 /* CoupleCodeNoteView.swift */ = {isa = PBXFileReference; lastKnownFileType = sourcecode.swift; path = CoupleCodeNoteView.swift; sourceTree = "<group>"; };
		45AC97B42A32333800A2B63D /* PersonalInfoContentRow.swift */ = {isa = PBXFileReference; lastKnownFileType = sourcecode.swift; path = PersonalInfoContentRow.swift; sourceTree = "<group>"; };
		45AC97B72A3249EC00A2B63D /* UserInfoConsetnViewModel.swift */ = {isa = PBXFileReference; lastKnownFileType = sourcecode.swift; path = UserInfoConsetnViewModel.swift; sourceTree = "<group>"; };
		45AC97B92A327D9300A2B63D /* ViewModelType.swift */ = {isa = PBXFileReference; lastKnownFileType = sourcecode.swift; path = ViewModelType.swift; sourceTree = "<group>"; };
		45AC97BB2A328C0800A2B63D /* UserNicknameInputViewController.swift */ = {isa = PBXFileReference; lastKnownFileType = sourcecode.swift; path = UserNicknameInputViewController.swift; sourceTree = "<group>"; };
		4ED6E863B57DA25C5FE14B12 /* Pods-FeelTalk.debug.xcconfig */ = {isa = PBXFileReference; includeInIndex = 1; lastKnownFileType = text.xcconfig; name = "Pods-FeelTalk.debug.xcconfig"; path = "Target Support Files/Pods-FeelTalk/Pods-FeelTalk.debug.xcconfig"; sourceTree = "<group>"; };
		58102C3C5ED2F798A20B785C /* Pods_FeelTalk.framework */ = {isa = PBXFileReference; explicitFileType = wrapper.framework; includeInIndex = 0; path = Pods_FeelTalk.framework; sourceTree = BUILT_PRODUCTS_DIR; };
		63683F033A68EBA863CDAFB3 /* Pods-FeelTalk.release.xcconfig */ = {isa = PBXFileReference; includeInIndex = 1; lastKnownFileType = text.xcconfig; name = "Pods-FeelTalk.release.xcconfig"; path = "Target Support Files/Pods-FeelTalk/Pods-FeelTalk.release.xcconfig"; sourceTree = "<group>"; };
/* End PBXFileReference section */

/* Begin PBXFrameworksBuildPhase section */
		450955DD2A2F9CBD00BDAC8E /* Frameworks */ = {
			isa = PBXFrameworksBuildPhase;
			buildActionMask = 2147483647;
			files = (
				2BDBEEB1707AA0E7E54ED0E7 /* Pods_FeelTalk.framework in Frameworks */,
			);
			runOnlyForDeploymentPostprocessing = 0;
		};
/* End PBXFrameworksBuildPhase section */

/* Begin PBXGroup section */
		00DA6234B3D259D005F55ED7 /* Frameworks */ = {
			isa = PBXGroup;
			children = (
				58102C3C5ED2F798A20B785C /* Pods_FeelTalk.framework */,
			);
			name = Frameworks;
			sourceTree = "<group>";
		};
		450955D72A2F9CBD00BDAC8E = {
			isa = PBXGroup;
			children = (
				450955E22A2F9CBD00BDAC8E /* FeelTalk */,
				450955FD2A2FA6C900BDAC8E /* Font */,
				450955E12A2F9CBD00BDAC8E /* Products */,
				C42E5F312ADC751658ACEE66 /* Pods */,
				00DA6234B3D259D005F55ED7 /* Frameworks */,
			);
			sourceTree = "<group>";
		};
		450955E12A2F9CBD00BDAC8E /* Products */ = {
			isa = PBXGroup;
			children = (
				450955E02A2F9CBD00BDAC8E /* FeelTalk.app */,
			);
			name = Products;
			sourceTree = "<group>";
		};
		450955E22A2F9CBD00BDAC8E /* FeelTalk */ = {
			isa = PBXGroup;
			children = (
				450955E32A2F9CBD00BDAC8E /* AppDelegate.swift */,
				450955E52A2F9CBD00BDAC8E /* SceneDelegate.swift */,
				45AC97B92A327D9300A2B63D /* ViewModelType.swift */,
				450955F92A2FA28D00BDAC8E /* Scenes */,
				450955EC2A2F9CBE00BDAC8E /* Assets.xcassets */,
				450955EE2A2F9CBE00BDAC8E /* LaunchScreen.storyboard */,
				450955F12A2F9CBE00BDAC8E /* Info.plist */,
			);
			path = FeelTalk;
			sourceTree = "<group>";
		};
		450955F92A2FA28D00BDAC8E /* Scenes */ = {
			isa = PBXGroup;
			children = (
				450955FA2A2FA2A700BDAC8E /* SignUp */,
				452885952A3220850077AA13 /* UserInfoConsent */,
				45AC97BD2A328C1200A2B63D /* UserNicknameInput */,
				45807D992A32F8C400EBBD25 /* CoupleCodeCreate */,
			);
			path = Scenes;
			sourceTree = "<group>";
		};
		450955FA2A2FA2A700BDAC8E /* SignUp */ = {
			isa = PBXGroup;
			children = (
				450955F72A2FA04600BDAC8E /* SignUpViewController.swift */,
				451AC3102A2FBD9100303E54 /* SubComponents */,
			);
			path = SignUp;
			sourceTree = "<group>";
		};
		450955FD2A2FA6C900BDAC8E /* Font */ = {
			isa = PBXGroup;
			children = (
				450955FE2A2FA6C900BDAC8E /* pretendard-semi_bold.otf */,
				450955FF2A2FA6C900BDAC8E /* pretendard-regular.ttf */,
				450956002A2FA6C900BDAC8E /* pretendard-medium.otf */,
				450956012A2FA6C900BDAC8E /* pretendard-thin.ttf */,
				450956022A2FA6C900BDAC8E /* pretendard-bold.ttf */,
				450956032A2FA6C900BDAC8E /* pretendard-light.ttf */,
			);
			path = Font;
			sourceTree = "<group>";
		};
		451AC3102A2FBD9100303E54 /* SubComponents */ = {
			isa = PBXGroup;
			children = (
				451AC30E2A2FBA6B00303E54 /* AppleButton.swift */,
				451AC30C2A2FB96500303E54 /* GoogleButton.swift */,
				450955FB2A2FA2EA00BDAC8E /* KakaoButton.swift */,
				451AC30A2A2FB3E300303E54 /* NaverButton.swift */,
			);
			path = SubComponents;
			sourceTree = "<group>";
		};
		452885952A3220850077AA13 /* UserInfoConsent */ = {
			isa = PBXGroup;
			children = (
				451AC3142A2FC43E00303E54 /* UserInfoConsentViewController.swift */,
				45AC97B72A3249EC00A2B63D /* UserInfoConsetnViewModel.swift */,
				452885962A32209D0077AA13 /* SubComponents */,
			);
			path = UserInfoConsent;
			sourceTree = "<group>";
		};
		452885962A32209D0077AA13 /* SubComponents */ = {
			isa = PBXGroup;
			children = (
				452885972A3220AF0077AA13 /* InfoContent */,
			);
			path = SubComponents;
			sourceTree = "<group>";
		};
		452885972A3220AF0077AA13 /* InfoContent */ = {
			isa = PBXGroup;
			children = (
				4528858F2A32028F0077AA13 /* InfoContentView.swift */,
				452885982A3220BC0077AA13 /* SubComponents */,
			);
			path = InfoContent;
			sourceTree = "<group>";
		};
		452885982A3220BC0077AA13 /* SubComponents */ = {
			isa = PBXGroup;
			children = (
				45AC97B22A3231EC00A2B63D /* SensitiveInfoContent */,
				45AC97B32A3231FD00A2B63D /* PersonalInfoContent */,
			);
			path = SubComponents;
			sourceTree = "<group>";
		};
		45807D992A32F8C400EBBD25 /* CoupleCodeCreate */ = {
			isa = PBXGroup;
			children = (
				4523F3B42A32AEC000B28EDC /* CoupleCodeCreateViewConroller.swift */,
				45807D9A2A32F8D000EBBD25 /* SubConponents */,
			);
			path = CoupleCodeCreate;
			sourceTree = "<group>";
		};
		45807D9A2A32F8D000EBBD25 /* SubConponents */ = {
			isa = PBXGroup;
			children = (
				45807D972A32F8B800EBBD25 /* CoupleCodeNoteView.swift */,
				450A851A2A335219008B5DFC /* NoteBackgroundView.swift */,
			);
			path = SubConponents;
			sourceTree = "<group>";
		};
		45AC97B22A3231EC00A2B63D /* SensitiveInfoContent */ = {
			isa = PBXGroup;
			children = (
				452885912A3211440077AA13 /* SensitiveInfoContentView.swift */,
			);
			path = SensitiveInfoContent;
			sourceTree = "<group>";
		};
		45AC97B32A3231FD00A2B63D /* PersonalInfoContent */ = {
			isa = PBXGroup;
			children = (
				452885932A3211520077AA13 /* PersonalInfoContentView.swift */,
				45AC97B62A32334100A2B63D /* SubComponents */,
			);
			path = PersonalInfoContent;
			sourceTree = "<group>";
		};
		45AC97B62A32334100A2B63D /* SubComponents */ = {
			isa = PBXGroup;
			children = (
				45AC97B42A32333800A2B63D /* PersonalInfoContentRow.swift */,
			);
			path = SubComponents;
			sourceTree = "<group>";
		};
		45AC97BD2A328C1200A2B63D /* UserNicknameInput */ = {
			isa = PBXGroup;
			children = (
				45AC97BB2A328C0800A2B63D /* UserNicknameInputViewController.swift */,
				4523F3B22A32A0D100B28EDC /* UserNicknameInputViewModel.swift */,
			);
			path = UserNicknameInput;
			sourceTree = "<group>";
		};
		C42E5F312ADC751658ACEE66 /* Pods */ = {
			isa = PBXGroup;
			children = (
				4ED6E863B57DA25C5FE14B12 /* Pods-FeelTalk.debug.xcconfig */,
				63683F033A68EBA863CDAFB3 /* Pods-FeelTalk.release.xcconfig */,
			);
			path = Pods;
			sourceTree = "<group>";
		};
/* End PBXGroup section */

/* Begin PBXNativeTarget section */
		450955DF2A2F9CBD00BDAC8E /* FeelTalk */ = {
			isa = PBXNativeTarget;
			buildConfigurationList = 450955F42A2F9CBE00BDAC8E /* Build configuration list for PBXNativeTarget "FeelTalk" */;
			buildPhases = (
				8785D79575CE910A9736AA39 /* [CP] Check Pods Manifest.lock */,
				450955DC2A2F9CBD00BDAC8E /* Sources */,
				450955DD2A2F9CBD00BDAC8E /* Frameworks */,
				450955DE2A2F9CBD00BDAC8E /* Resources */,
				BE262688BA0FDF78958C7C5E /* [CP] Embed Pods Frameworks */,
			);
			buildRules = (
			);
			dependencies = (
			);
			name = FeelTalk;
			productName = FeelTalk;
			productReference = 450955E02A2F9CBD00BDAC8E /* FeelTalk.app */;
			productType = "com.apple.product-type.application";
		};
/* End PBXNativeTarget section */

/* Begin PBXProject section */
		450955D82A2F9CBD00BDAC8E /* Project object */ = {
			isa = PBXProject;
			attributes = {
				BuildIndependentTargetsInParallel = 1;
				LastSwiftUpdateCheck = 1430;
				LastUpgradeCheck = 1430;
				TargetAttributes = {
					450955DF2A2F9CBD00BDAC8E = {
						CreatedOnToolsVersion = 14.3.1;
					};
				};
			};
			buildConfigurationList = 450955DB2A2F9CBD00BDAC8E /* Build configuration list for PBXProject "FeelTalk" */;
			compatibilityVersion = "Xcode 14.0";
			developmentRegion = en;
			hasScannedForEncodings = 0;
			knownRegions = (
				en,
				Base,
			);
			mainGroup = 450955D72A2F9CBD00BDAC8E;
			productRefGroup = 450955E12A2F9CBD00BDAC8E /* Products */;
			projectDirPath = "";
			projectRoot = "";
			targets = (
				450955DF2A2F9CBD00BDAC8E /* FeelTalk */,
			);
		};
/* End PBXProject section */

/* Begin PBXResourcesBuildPhase section */
		450955DE2A2F9CBD00BDAC8E /* Resources */ = {
			isa = PBXResourcesBuildPhase;
			buildActionMask = 2147483647;
			files = (
				450955F02A2F9CBE00BDAC8E /* LaunchScreen.storyboard in Resources */,
				450956062A2FA6C900BDAC8E /* pretendard-medium.otf in Resources */,
				450956042A2FA6C900BDAC8E /* pretendard-semi_bold.otf in Resources */,
				450956052A2FA6C900BDAC8E /* pretendard-regular.ttf in Resources */,
				450956082A2FA6C900BDAC8E /* pretendard-bold.ttf in Resources */,
				450956072A2FA6C900BDAC8E /* pretendard-thin.ttf in Resources */,
				450956092A2FA6C900BDAC8E /* pretendard-light.ttf in Resources */,
				450955ED2A2F9CBE00BDAC8E /* Assets.xcassets in Resources */,
			);
			runOnlyForDeploymentPostprocessing = 0;
		};
/* End PBXResourcesBuildPhase section */

/* Begin PBXShellScriptBuildPhase section */
		8785D79575CE910A9736AA39 /* [CP] Check Pods Manifest.lock */ = {
			isa = PBXShellScriptBuildPhase;
			buildActionMask = 2147483647;
			files = (
			);
			inputFileListPaths = (
			);
			inputPaths = (
				"${PODS_PODFILE_DIR_PATH}/Podfile.lock",
				"${PODS_ROOT}/Manifest.lock",
			);
			name = "[CP] Check Pods Manifest.lock";
			outputFileListPaths = (
			);
			outputPaths = (
				"$(DERIVED_FILE_DIR)/Pods-FeelTalk-checkManifestLockResult.txt",
			);
			runOnlyForDeploymentPostprocessing = 0;
			shellPath = /bin/sh;
			shellScript = "diff \"${PODS_PODFILE_DIR_PATH}/Podfile.lock\" \"${PODS_ROOT}/Manifest.lock\" > /dev/null\nif [ $? != 0 ] ; then\n    # print error to STDERR\n    echo \"error: The sandbox is not in sync with the Podfile.lock. Run 'pod install' or update your CocoaPods installation.\" >&2\n    exit 1\nfi\n# This output is used by Xcode 'outputs' to avoid re-running this script phase.\necho \"SUCCESS\" > \"${SCRIPT_OUTPUT_FILE_0}\"\n";
			showEnvVarsInLog = 0;
		};
		BE262688BA0FDF78958C7C5E /* [CP] Embed Pods Frameworks */ = {
			isa = PBXShellScriptBuildPhase;
			buildActionMask = 2147483647;
			files = (
			);
			inputFileListPaths = (
				"${PODS_ROOT}/Target Support Files/Pods-FeelTalk/Pods-FeelTalk-frameworks-${CONFIGURATION}-input-files.xcfilelist",
			);
			name = "[CP] Embed Pods Frameworks";
			outputFileListPaths = (
				"${PODS_ROOT}/Target Support Files/Pods-FeelTalk/Pods-FeelTalk-frameworks-${CONFIGURATION}-output-files.xcfilelist",
			);
			runOnlyForDeploymentPostprocessing = 0;
			shellPath = /bin/sh;
			shellScript = "\"${PODS_ROOT}/Target Support Files/Pods-FeelTalk/Pods-FeelTalk-frameworks.sh\"\n";
			showEnvVarsInLog = 0;
		};
/* End PBXShellScriptBuildPhase section */

/* Begin PBXSourcesBuildPhase section */
		450955DC2A2F9CBD00BDAC8E /* Sources */ = {
			isa = PBXSourcesBuildPhase;
			buildActionMask = 2147483647;
			files = (
				450955F82A2FA04600BDAC8E /* SignUpViewController.swift in Sources */,
				45807D982A32F8B800EBBD25 /* CoupleCodeNoteView.swift in Sources */,
				452885902A32028F0077AA13 /* InfoContentView.swift in Sources */,
				45AC97B82A3249EC00A2B63D /* UserInfoConsetnViewModel.swift in Sources */,
				451AC3152A2FC43E00303E54 /* UserInfoConsentViewController.swift in Sources */,
				450955E42A2F9CBD00BDAC8E /* AppDelegate.swift in Sources */,
				452885922A3211440077AA13 /* SensitiveInfoContentView.swift in Sources */,
				45AC97BA2A327D9300A2B63D /* ViewModelType.swift in Sources */,
				450955E62A2F9CBD00BDAC8E /* SceneDelegate.swift in Sources */,
				4523F3B52A32AEC000B28EDC /* CoupleCodeCreateViewConroller.swift in Sources */,
				450A851B2A335219008B5DFC /* NoteBackgroundView.swift in Sources */,
				4523F3B32A32A0D100B28EDC /* UserNicknameInputViewModel.swift in Sources */,
				452885942A3211520077AA13 /* PersonalInfoContentView.swift in Sources */,
				450955FC2A2FA2EA00BDAC8E /* KakaoButton.swift in Sources */,
				45AC97BC2A328C0800A2B63D /* UserNicknameInputViewController.swift in Sources */,
				451AC30D2A2FB96500303E54 /* GoogleButton.swift in Sources */,
				451AC30B2A2FB3E300303E54 /* NaverButton.swift in Sources */,
				45AC97B52A32333800A2B63D /* PersonalInfoContentRow.swift in Sources */,
				451AC30F2A2FBA6B00303E54 /* AppleButton.swift in Sources */,
			);
			runOnlyForDeploymentPostprocessing = 0;
		};
/* End PBXSourcesBuildPhase section */

/* Begin PBXVariantGroup section */
		450955EE2A2F9CBE00BDAC8E /* LaunchScreen.storyboard */ = {
			isa = PBXVariantGroup;
			children = (
				450955EF2A2F9CBE00BDAC8E /* Base */,
			);
			name = LaunchScreen.storyboard;
			sourceTree = "<group>";
		};
/* End PBXVariantGroup section */

/* Begin XCBuildConfiguration section */
		450955F22A2F9CBE00BDAC8E /* Debug */ = {
			isa = XCBuildConfiguration;
			buildSettings = {
				ALWAYS_SEARCH_USER_PATHS = NO;
				CLANG_ANALYZER_NONNULL = YES;
				CLANG_ANALYZER_NUMBER_OBJECT_CONVERSION = YES_AGGRESSIVE;
				CLANG_CXX_LANGUAGE_STANDARD = "gnu++20";
				CLANG_ENABLE_MODULES = YES;
				CLANG_ENABLE_OBJC_ARC = YES;
				CLANG_ENABLE_OBJC_WEAK = YES;
				CLANG_WARN_BLOCK_CAPTURE_AUTORELEASING = YES;
				CLANG_WARN_BOOL_CONVERSION = YES;
				CLANG_WARN_COMMA = YES;
				CLANG_WARN_CONSTANT_CONVERSION = YES;
				CLANG_WARN_DEPRECATED_OBJC_IMPLEMENTATIONS = YES;
				CLANG_WARN_DIRECT_OBJC_ISA_USAGE = YES_ERROR;
				CLANG_WARN_DOCUMENTATION_COMMENTS = YES;
				CLANG_WARN_EMPTY_BODY = YES;
				CLANG_WARN_ENUM_CONVERSION = YES;
				CLANG_WARN_INFINITE_RECURSION = YES;
				CLANG_WARN_INT_CONVERSION = YES;
				CLANG_WARN_NON_LITERAL_NULL_CONVERSION = YES;
				CLANG_WARN_OBJC_IMPLICIT_RETAIN_SELF = YES;
				CLANG_WARN_OBJC_LITERAL_CONVERSION = YES;
				CLANG_WARN_OBJC_ROOT_CLASS = YES_ERROR;
				CLANG_WARN_QUOTED_INCLUDE_IN_FRAMEWORK_HEADER = YES;
				CLANG_WARN_RANGE_LOOP_ANALYSIS = YES;
				CLANG_WARN_STRICT_PROTOTYPES = YES;
				CLANG_WARN_SUSPICIOUS_MOVE = YES;
				CLANG_WARN_UNGUARDED_AVAILABILITY = YES_AGGRESSIVE;
				CLANG_WARN_UNREACHABLE_CODE = YES;
				CLANG_WARN__DUPLICATE_METHOD_MATCH = YES;
				COPY_PHASE_STRIP = NO;
				DEBUG_INFORMATION_FORMAT = dwarf;
				ENABLE_STRICT_OBJC_MSGSEND = YES;
				ENABLE_TESTABILITY = YES;
				GCC_C_LANGUAGE_STANDARD = gnu11;
				GCC_DYNAMIC_NO_PIC = NO;
				GCC_NO_COMMON_BLOCKS = YES;
				GCC_OPTIMIZATION_LEVEL = 0;
				GCC_PREPROCESSOR_DEFINITIONS = (
					"DEBUG=1",
					"$(inherited)",
				);
				GCC_WARN_64_TO_32_BIT_CONVERSION = YES;
				GCC_WARN_ABOUT_RETURN_TYPE = YES_ERROR;
				GCC_WARN_UNDECLARED_SELECTOR = YES;
				GCC_WARN_UNINITIALIZED_AUTOS = YES_AGGRESSIVE;
				GCC_WARN_UNUSED_FUNCTION = YES;
				GCC_WARN_UNUSED_VARIABLE = YES;
				IPHONEOS_DEPLOYMENT_TARGET = 16.4;
				MTL_ENABLE_DEBUG_INFO = INCLUDE_SOURCE;
				MTL_FAST_MATH = YES;
				ONLY_ACTIVE_ARCH = YES;
				SDKROOT = iphoneos;
				SWIFT_ACTIVE_COMPILATION_CONDITIONS = DEBUG;
				SWIFT_OPTIMIZATION_LEVEL = "-Onone";
			};
			name = Debug;
		};
		450955F32A2F9CBE00BDAC8E /* Release */ = {
			isa = XCBuildConfiguration;
			buildSettings = {
				ALWAYS_SEARCH_USER_PATHS = NO;
				CLANG_ANALYZER_NONNULL = YES;
				CLANG_ANALYZER_NUMBER_OBJECT_CONVERSION = YES_AGGRESSIVE;
				CLANG_CXX_LANGUAGE_STANDARD = "gnu++20";
				CLANG_ENABLE_MODULES = YES;
				CLANG_ENABLE_OBJC_ARC = YES;
				CLANG_ENABLE_OBJC_WEAK = YES;
				CLANG_WARN_BLOCK_CAPTURE_AUTORELEASING = YES;
				CLANG_WARN_BOOL_CONVERSION = YES;
				CLANG_WARN_COMMA = YES;
				CLANG_WARN_CONSTANT_CONVERSION = YES;
				CLANG_WARN_DEPRECATED_OBJC_IMPLEMENTATIONS = YES;
				CLANG_WARN_DIRECT_OBJC_ISA_USAGE = YES_ERROR;
				CLANG_WARN_DOCUMENTATION_COMMENTS = YES;
				CLANG_WARN_EMPTY_BODY = YES;
				CLANG_WARN_ENUM_CONVERSION = YES;
				CLANG_WARN_INFINITE_RECURSION = YES;
				CLANG_WARN_INT_CONVERSION = YES;
				CLANG_WARN_NON_LITERAL_NULL_CONVERSION = YES;
				CLANG_WARN_OBJC_IMPLICIT_RETAIN_SELF = YES;
				CLANG_WARN_OBJC_LITERAL_CONVERSION = YES;
				CLANG_WARN_OBJC_ROOT_CLASS = YES_ERROR;
				CLANG_WARN_QUOTED_INCLUDE_IN_FRAMEWORK_HEADER = YES;
				CLANG_WARN_RANGE_LOOP_ANALYSIS = YES;
				CLANG_WARN_STRICT_PROTOTYPES = YES;
				CLANG_WARN_SUSPICIOUS_MOVE = YES;
				CLANG_WARN_UNGUARDED_AVAILABILITY = YES_AGGRESSIVE;
				CLANG_WARN_UNREACHABLE_CODE = YES;
				CLANG_WARN__DUPLICATE_METHOD_MATCH = YES;
				COPY_PHASE_STRIP = NO;
				DEBUG_INFORMATION_FORMAT = "dwarf-with-dsym";
				ENABLE_NS_ASSERTIONS = NO;
				ENABLE_STRICT_OBJC_MSGSEND = YES;
				GCC_C_LANGUAGE_STANDARD = gnu11;
				GCC_NO_COMMON_BLOCKS = YES;
				GCC_WARN_64_TO_32_BIT_CONVERSION = YES;
				GCC_WARN_ABOUT_RETURN_TYPE = YES_ERROR;
				GCC_WARN_UNDECLARED_SELECTOR = YES;
				GCC_WARN_UNINITIALIZED_AUTOS = YES_AGGRESSIVE;
				GCC_WARN_UNUSED_FUNCTION = YES;
				GCC_WARN_UNUSED_VARIABLE = YES;
				IPHONEOS_DEPLOYMENT_TARGET = 16.4;
				MTL_ENABLE_DEBUG_INFO = NO;
				MTL_FAST_MATH = YES;
				SDKROOT = iphoneos;
				SWIFT_COMPILATION_MODE = wholemodule;
				SWIFT_OPTIMIZATION_LEVEL = "-O";
				VALIDATE_PRODUCT = YES;
			};
			name = Release;
		};
		450955F52A2F9CBE00BDAC8E /* Debug */ = {
			isa = XCBuildConfiguration;
			baseConfigurationReference = 4ED6E863B57DA25C5FE14B12 /* Pods-FeelTalk.debug.xcconfig */;
			buildSettings = {
				ASSETCATALOG_COMPILER_APPICON_NAME = AppIcon;
				ASSETCATALOG_COMPILER_GLOBAL_ACCENT_COLOR_NAME = AccentColor;
				"CODE_SIGN_IDENTITY[sdk=iphoneos*]" = "iPhone Developer";
				CODE_SIGN_STYLE = Manual;
				CURRENT_PROJECT_VERSION = 1;
				DEVELOPMENT_TEAM = "";
				"DEVELOPMENT_TEAM[sdk=iphoneos*]" = K5RZZ64DS3;
				GENERATE_INFOPLIST_FILE = YES;
				INFOPLIST_FILE = FeelTalk/Info.plist;
				INFOPLIST_KEY_UIApplicationSupportsIndirectInputEvents = YES;
				INFOPLIST_KEY_UILaunchStoryboardName = LaunchScreen;
				INFOPLIST_KEY_UISupportedInterfaceOrientations_iPad = "UIInterfaceOrientationPortrait UIInterfaceOrientationPortraitUpsideDown UIInterfaceOrientationLandscapeLeft UIInterfaceOrientationLandscapeRight";
				INFOPLIST_KEY_UISupportedInterfaceOrientations_iPhone = "UIInterfaceOrientationPortrait UIInterfaceOrientationLandscapeLeft UIInterfaceOrientationLandscapeRight";
				LD_RUNPATH_SEARCH_PATHS = (
					"$(inherited)",
					"@executable_path/Frameworks",
				);
				MARKETING_VERSION = 1.0;
				PRODUCT_BUNDLE_IDENTIFIER = com.clonect.feeltalk;
				PRODUCT_NAME = "$(TARGET_NAME)";
				PROVISIONING_PROFILE_SPECIFIER = "";
				"PROVISIONING_PROFILE_SPECIFIER[sdk=iphoneos*]" = feeltalk_development;
				SWIFT_EMIT_LOC_STRINGS = YES;
				SWIFT_VERSION = 5.0;
				TARGETED_DEVICE_FAMILY = "1,2";
			};
			name = Debug;
		};
		450955F62A2F9CBE00BDAC8E /* Release */ = {
			isa = XCBuildConfiguration;
			baseConfigurationReference = 63683F033A68EBA863CDAFB3 /* Pods-FeelTalk.release.xcconfig */;
			buildSettings = {
				ASSETCATALOG_COMPILER_APPICON_NAME = AppIcon;
				ASSETCATALOG_COMPILER_GLOBAL_ACCENT_COLOR_NAME = AccentColor;
				"CODE_SIGN_IDENTITY[sdk=iphoneos*]" = "iPhone Developer";
				CODE_SIGN_STYLE = Manual;
				CURRENT_PROJECT_VERSION = 1;
				DEVELOPMENT_TEAM = "";
				"DEVELOPMENT_TEAM[sdk=iphoneos*]" = K5RZZ64DS3;
				GENERATE_INFOPLIST_FILE = YES;
				INFOPLIST_FILE = FeelTalk/Info.plist;
				INFOPLIST_KEY_UIApplicationSupportsIndirectInputEvents = YES;
				INFOPLIST_KEY_UILaunchStoryboardName = LaunchScreen;
				INFOPLIST_KEY_UISupportedInterfaceOrientations_iPad = "UIInterfaceOrientationPortrait UIInterfaceOrientationPortraitUpsideDown UIInterfaceOrientationLandscapeLeft UIInterfaceOrientationLandscapeRight";
				INFOPLIST_KEY_UISupportedInterfaceOrientations_iPhone = "UIInterfaceOrientationPortrait UIInterfaceOrientationLandscapeLeft UIInterfaceOrientationLandscapeRight";
				LD_RUNPATH_SEARCH_PATHS = (
					"$(inherited)",
					"@executable_path/Frameworks",
				);
				MARKETING_VERSION = 1.0;
				PRODUCT_BUNDLE_IDENTIFIER = com.clonect.feeltalk;
				PRODUCT_NAME = "$(TARGET_NAME)";
				PROVISIONING_PROFILE_SPECIFIER = "";
				"PROVISIONING_PROFILE_SPECIFIER[sdk=iphoneos*]" = feeltalk_development;
				SWIFT_EMIT_LOC_STRINGS = YES;
				SWIFT_VERSION = 5.0;
				TARGETED_DEVICE_FAMILY = "1,2";
			};
			name = Release;
		};
/* End XCBuildConfiguration section */

/* Begin XCConfigurationList section */
		450955DB2A2F9CBD00BDAC8E /* Build configuration list for PBXProject "FeelTalk" */ = {
			isa = XCConfigurationList;
			buildConfigurations = (
				450955F22A2F9CBE00BDAC8E /* Debug */,
				450955F32A2F9CBE00BDAC8E /* Release */,
			);
			defaultConfigurationIsVisible = 0;
			defaultConfigurationName = Release;
		};
		450955F42A2F9CBE00BDAC8E /* Build configuration list for PBXNativeTarget "FeelTalk" */ = {
			isa = XCConfigurationList;
			buildConfigurations = (
				450955F52A2F9CBE00BDAC8E /* Debug */,
				450955F62A2F9CBE00BDAC8E /* Release */,
			);
			defaultConfigurationIsVisible = 0;
			defaultConfigurationName = Release;
		};
/* End XCConfigurationList section */
	};
	rootObject = 450955D82A2F9CBD00BDAC8E /* Project object */;
}
